
Microsoft Visual Studio Solution File, Format Version 12.00
# Visual Studio 14
VisualStudioVersion = 14.0.25420.1
MinimumVisualStudioVersion = 10.0.40219.1
Project("{FAE04EC0-301F-11D3-BF4B-00C04F79EFBC}") = "RFExplorerSimpleClient", "RFExplorerSimpleClient.csproj", "{3ECBB7C2-CE88-45C7-9E64-56BA595C7FDE}"
EndProject
Project("{FAE04EC0-301F-11D3-BF4B-00C04F79EFBC}") = "RFExplorerCommunicator", "..\RFExplorerCommunicator\RFExplorerCommunicator.csproj", "{CD17C64C-8825-41EA-8AAD-EB5B0F3E08A1}"
EndProject
Global
	GlobalSection(SolutionConfigurationPlatforms) = preSolution
		Debug|x86 = Debug|x86
		Release_Full|x86 = Release_Full|x86
		Release|x86 = Release|x86
	EndGlobalSection
	GlobalSection(ProjectConfigurationPlatforms) = postSolution
		{3ECBB7C2-CE88-45C7-9E64-56BA595C7FDE}.Debug|x86.ActiveCfg = Debug|x86
		{3ECBB7C2-CE88-45C7-9E64-56BA595C7FDE}.Debug|x86.Build.0 = Debug|x86
		{3ECBB7C2-CE88-45C7-9E64-56BA595C7FDE}.Release_Full|x86.ActiveCfg = Release|x86
		{3ECBB7C2-CE88-45C7-9E64-56BA595C7FDE}.Release_Full|x86.Build.0 = Release|x86
		{3ECBB7C2-CE88-45C7-9E64-56BA595C7FDE}.Release|x86.ActiveCfg = Release|x86
		{3ECBB7C2-CE88-45C7-9E64-56BA595C7FDE}.Release|x86.Build.0 = Release|x86
		{CD17C64C-8825-41EA-8AAD-EB5B0F3E08A1}.Debug|x86.ActiveCfg = Debug|x86
		{CD17C64C-8825-41EA-8AAD-EB5B0F3E08A1}.Debug|x86.Build.0 = Debug|x86
		{CD17C64C-8825-41EA-8AAD-EB5B0F3E08A1}.Release_Full|x86.ActiveCfg = Release|x86
		{CD17C64C-8825-41EA-8AAD-EB5B0F3E08A1}.Release_Full|x86.Build.0 = Release|x86
		{CD17C64C-8825-41EA-8AAD-EB5B0F3E08A1}.Release|x86.ActiveCfg = Release|x86
		{CD17C64C-8825-41EA-8AAD-EB5B0F3E08A1}.Release|x86.Build.0 = Release|x86
	EndGlobalSection
	GlobalSection(SolutionProperties) = preSolution
		HideSolutionNode = FALSE
	EndGlobalSection
EndGlobal
